
Microsoft Visual Studio Solution File, Format Version 12.00
# Visual Studio Version 17
VisualStudioVersion = 17.7.34202.233
MinimumVisualStudioVersion = 10.0.40219.1
Project("{9A19103F-16F7-4668-BE54-9A1E7A4F7556}") = "GuestBook_RazorPages", "GuestBook_RazorPages\GuestBook_RazorPages.csproj", "{A886F0FF-3CF3-4173-8B45-FD66390DFBE1}"
EndProject
Global
	GlobalSection(SolutionConfigurationPlatforms) = preSolution
		Debug|Any CPU = Debug|Any CPU
		Release|Any CPU = Release|Any CPU
	EndGlobalSection
	GlobalSection(ProjectConfigurationPlatforms) = postSolution
		{A886F0FF-3CF3-4173-8B45-FD66390DFBE1}.Debug|Any CPU.ActiveCfg = Debug|Any CPU
		{A886F0FF-3CF3-4173-8B45-FD66390DFBE1}.Debug|Any CPU.Build.0 = Debug|Any CPU
		{A886F0FF-3CF3-4173-8B45-FD66390DFBE1}.Release|Any CPU.ActiveCfg = Release|Any CPU
		{A886F0FF-3CF3-4173-8B45-FD66390DFBE1}.Release|Any CPU.Build.0 = Release|Any CPU
	EndGlobalSection
	GlobalSection(SolutionProperties) = preSolution
		HideSolutionNode = FALSE
	EndGlobalSection
	GlobalSection(ExtensibilityGlobals) = postSolution
		SolutionGuid = {2946A19D-34A3-4BE4-9A15-562A95C0F193}
	EndGlobalSection
EndGlobal
